
Microsoft Visual Studio Solution File, Format Version 12.00
# Visual Studio Version 17
VisualStudioVersion = 17.12.35506.116
MinimumVisualStudioVersion = 10.0.40219.1
Project("{FAE04EC0-301F-11D3-BF4B-00C04F79EFBC}") = "WebApp", "WebApp\WebApp.csproj", "{194F4504-FEC8-4090-A7C6-0C3486A6D6E2}"
EndProject
Project("{FAE04EC0-301F-11D3-BF4B-00C04F79EFBC}") = "Data", "Data\Data.csproj", "{B6A8A882-282E-4DC0-A4CB-DAB38BE6E133}"
EndProject
Project("{FAE04EC0-301F-11D3-BF4B-00C04F79EFBC}") = "Business", "Business\Business.csproj", "{BD382A0C-CE8B-41B4-B02E-1A6BF5CA7544}"
EndProject
Project("{FAE04EC0-301F-11D3-BF4B-00C04F79EFBC}") = "Domain", "Domain\Domain.csproj", "{A801325E-FB38-4DD4-8E5D-50C6FC6BBC8B}"
EndProject
Global
	GlobalSection(SolutionConfigurationPlatforms) = preSolution
		Debug|Any CPU = Debug|Any CPU
		Release|Any CPU = Release|Any CPU
	EndGlobalSection
	GlobalSection(ProjectConfigurationPlatforms) = postSolution
		{194F4504-FEC8-4090-A7C6-0C3486A6D6E2}.Debug|Any CPU.ActiveCfg = Debug|Any CPU
		{194F4504-FEC8-4090-A7C6-0C3486A6D6E2}.Debug|Any CPU.Build.0 = Debug|Any CPU
		{194F4504-FEC8-4090-A7C6-0C3486A6D6E2}.Release|Any CPU.ActiveCfg = Release|Any CPU
		{194F4504-FEC8-4090-A7C6-0C3486A6D6E2}.Release|Any CPU.Build.0 = Release|Any CPU
		{B6A8A882-282E-4DC0-A4CB-DAB38BE6E133}.Debug|Any CPU.ActiveCfg = Debug|Any CPU
		{B6A8A882-282E-4DC0-A4CB-DAB38BE6E133}.Debug|Any CPU.Build.0 = Debug|Any CPU
		{B6A8A882-282E-4DC0-A4CB-DAB38BE6E133}.Release|Any CPU.ActiveCfg = Release|Any CPU
		{B6A8A882-282E-4DC0-A4CB-DAB38BE6E133}.Release|Any CPU.Build.0 = Release|Any CPU
		{BD382A0C-CE8B-41B4-B02E-1A6BF5CA7544}.Debug|Any CPU.ActiveCfg = Debug|Any CPU
		{BD382A0C-CE8B-41B4-B02E-1A6BF5CA7544}.Debug|Any CPU.Build.0 = Debug|Any CPU
		{BD382A0C-CE8B-41B4-B02E-1A6BF5CA7544}.Release|Any CPU.ActiveCfg = Release|Any CPU
		{BD382A0C-CE8B-41B4-B02E-1A6BF5CA7544}.Release|Any CPU.Build.0 = Release|Any CPU
		{A801325E-FB38-4DD4-8E5D-50C6FC6BBC8B}.Debug|Any CPU.ActiveCfg = Debug|Any CPU
		{A801325E-FB38-4DD4-8E5D-50C6FC6BBC8B}.Debug|Any CPU.Build.0 = Debug|Any CPU
		{A801325E-FB38-4DD4-8E5D-50C6FC6BBC8B}.Release|Any CPU.ActiveCfg = Release|Any CPU
		{A801325E-FB38-4DD4-8E5D-50C6FC6BBC8B}.Release|Any CPU.Build.0 = Release|Any CPU
	EndGlobalSection
	GlobalSection(SolutionProperties) = preSolution
		HideSolutionNode = FALSE
	EndGlobalSection
EndGlobal
